{
  "name": "memojization",
  "version": "1.0.0",
  "lockfileVersion": 3,
  "requires": true,
  "packages": {
    "": {
      "name": "memojization",
      "version": "1.0.0",
      "license": "ISC",
      "dependencies": {
        "emoji-unicode": "^2.0.1"
      }
    },
    "node_modules/emoji-unicode": {
      "version": "2.0.1",
      "resolved": "https://registry.npmjs.org/emoji-unicode/-/emoji-unicode-2.0.1.tgz",
      "integrity": "sha512-jjswgV5nR3KDqtC9ugzEOYQaBLLQP5hqaH2tiTBaq9maYpMnmvl9T+ogY3u2bN6O5NAP0Ddh9D+Meo7sfW/1uw=="
    }
  }
}
